
Microsoft Visual Studio Solution File, Format Version 12.00
# Visual Studio 15
VisualStudioVersion = 15.0.27130.2027
MinimumVisualStudioVersion = 10.0.40219.1
Project("{2150E333-8FDC-42A3-9474-1A3956D46DE8}") = "Items", "Items", "{A632C4A4-E33E-4C29-A084-CA91A0C0E494}"
	ProjectSection(SolutionItems) = preProject
		.gitignore = .gitignore
		LICENSE = LICENSE
		README.md = README.md
	EndProjectSection
EndProject
Project("{2150E333-8FDC-42A3-9474-1A3956D46DE8}") = "NuGet", "NuGet", "{6ADBA794-C80D-48EE-80F9-41639CF9CF08}"
EndProject
Project("{2150E333-8FDC-42A3-9474-1A3956D46DE8}") = "Core", "Core", "{5FAB9A35-27CE-40E6-929D-C3CA917100E1}"
	ProjectSection(SolutionItems) = preProject
		nuget\Core\Build.cmd = nuget\Core\Build.cmd
		nuget\Core\EntityLite.Core.nuspec = nuget\Core\EntityLite.Core.nuspec
		nuget\Core\Publish.cmd = nuget\Core\Publish.cmd
	EndProjectSection
EndProject
Project("{2150E333-8FDC-42A3-9474-1A3956D46DE8}") = "Generators", "Generators", "{0493F652-14B1-45DD-A168-A4686ACBB9D8}"
	ProjectSection(SolutionItems) = preProject
		nuget\Generators\Build.cmd = nuget\Generators\Build.cmd
		nuget\Generators\EntityLite.nuspec = nuget\Generators\EntityLite.nuspec
		nuget\Generators\Publish.cmd = nuget\Generators\Publish.cmd
	EndProjectSection
EndProject
Project("{2150E333-8FDC-42A3-9474-1A3956D46DE8}") = "Content", "Content", "{03CAC007-291D-420D-8E8C-CC9FA92BFEB5}"
	ProjectSection(SolutionItems) = preProject
		nuget\Generators\content\DataLayer.tt = nuget\Generators\content\DataLayer.tt
	EndProjectSection
EndProject
Project("{2150E333-8FDC-42A3-9474-1A3956D46DE8}") = "EntityLite.ttinclude", "EntityLite.ttinclude", "{345D112F-72B2-49C2-907B-40F219FA928C}"
	ProjectSection(SolutionItems) = preProject
		nuget\Generators\content\EntityLite.ttinclude\DataLayerGeneration.ttinclude = nuget\Generators\content\EntityLite.ttinclude\DataLayerGeneration.ttinclude
		nuget\Generators\content\EntityLite.ttinclude\DataServiceGeneration.ttinclude = nuget\Generators\content\EntityLite.ttinclude\DataServiceGeneration.ttinclude
		nuget\Generators\content\EntityLite.ttinclude\EntityGeneration.ttinclude = nuget\Generators\content\EntityLite.ttinclude\EntityGeneration.ttinclude
		nuget\Generators\content\EntityLite.ttinclude\EntityLite.ttinclude = nuget\Generators\content\EntityLite.ttinclude\EntityLite.ttinclude
		nuget\Generators\content\EntityLite.ttinclude\EntitySetting.ttinclude = nuget\Generators\content\EntityLite.ttinclude\EntitySetting.ttinclude
		nuget\Generators\content\EntityLite.ttinclude\EnumGeneration.ttinclude = nuget\Generators\content\EntityLite.ttinclude\EnumGeneration.ttinclude
		nuget\Generators\content\EntityLite.ttinclude\EnumSetting.ttinclude = nuget\Generators\content\EntityLite.ttinclude\EnumSetting.ttinclude
		nuget\Generators\content\EntityLite.ttinclude\Extensions.ttinclude = nuget\Generators\content\EntityLite.ttinclude\Extensions.ttinclude
		nuget\Generators\content\EntityLite.ttinclude\FieldGeneration.ttinclude = nuget\Generators\content\EntityLite.ttinclude\FieldGeneration.ttinclude
		nuget\Generators\content\EntityLite.ttinclude\FieldMetadata.ttinclude = nuget\Generators\content\EntityLite.ttinclude\FieldMetadata.ttinclude
		nuget\Generators\content\EntityLite.ttinclude\JsonType.ttinclude = nuget\Generators\content\EntityLite.ttinclude\JsonType.ttinclude
		nuget\Generators\content\EntityLite.ttinclude\MemberVisibility.ttinclude = nuget\Generators\content\EntityLite.ttinclude\MemberVisibility.ttinclude
		nuget\Generators\content\EntityLite.ttinclude\ProcedureGeneration.ttinclude = nuget\Generators\content\EntityLite.ttinclude\ProcedureGeneration.ttinclude
		nuget\Generators\content\EntityLite.ttinclude\ProcedureResultSetKind.ttinclude = nuget\Generators\content\EntityLite.ttinclude\ProcedureResultSetKind.ttinclude
		nuget\Generators\content\EntityLite.ttinclude\ProcedureSetting.ttinclude = nuget\Generators\content\EntityLite.ttinclude\ProcedureSetting.ttinclude
		nuget\Generators\content\EntityLite.ttinclude\Sequence.ttinclude = nuget\Generators\content\EntityLite.ttinclude\Sequence.ttinclude
		nuget\Generators\content\EntityLite.ttinclude\TextTransform.ttinclude = nuget\Generators\content\EntityLite.ttinclude\TextTransform.ttinclude
		nuget\Generators\content\EntityLite.ttinclude\TypeScriptAttributeGeneration.ttinclude = nuget\Generators\content\EntityLite.ttinclude\TypeScriptAttributeGeneration.ttinclude
	EndProjectSection
EndProject
Project("{2150E333-8FDC-42A3-9474-1A3956D46DE8}") = "CodeProject", "CodeProject", "{F926993D-D441-4457-9A74-E1BC8A746B52}"
EndProject
Project("{2150E333-8FDC-42A3-9474-1A3956D46DE8}") = "EntityLite", "EntityLite", "{BCEE35A4-CA5B-489E-B1BE-E3AD44F04C81}"
	ProjectSection(SolutionItems) = preProject
		CodeProject\EntityLite\EntityLite.htm = CodeProject\EntityLite\EntityLite.htm
	EndProjectSection
EndProject
Project("{9A19103F-16F7-4668-BE54-9A1E7A4F7556}") = "SamplesCore", "SamplesCore\SamplesCore.csproj", "{7392C56B-00B5-44FD-8E9D-DA08C8D79B12}"
EndProject
Project("{E53339B2-1760-4266-BCC7-CA923CBCF16C}") = "docker-compose", "docker-compose.dcproj", "{7922B9F1-9609-4F5B-86AB-33515F903580}"
EndProject
Project("{9A19103F-16F7-4668-BE54-9A1E7A4F7556}") = "inercya.EntityLite.Core", "inercya.EntityLite\inercya.EntityLite.Core.csproj", "{E112A2C9-E199-43C1-96F7-EEA32BEB28FE}"
EndProject
Project("{FAE04EC0-301F-11D3-BF4B-00C04F79EFBC}") = "DataLayerItemTemplate", "DataLayerItemTemplate\DataLayerItemTemplate.csproj", "{01BF724E-D70B-427B-BDD2-4A7774649A9D}"
EndProject
Project("{FAE04EC0-301F-11D3-BF4B-00C04F79EFBC}") = "EntityLite.VSIX", "EntityLite\EntityLite.VSIX.csproj", "{7ADC7B9C-56D0-43A8-A07B-2AEBE54C4E4C}"
EndProject
Project("{FAE04EC0-301F-11D3-BF4B-00C04F79EFBC}") = "SamplesFx", "SamplesFx\SamplesFx.csproj", "{27444030-B98D-4ECD-A27B-A41518305AC8}"
EndProject
Global
	GlobalSection(SolutionConfigurationPlatforms) = preSolution
		Debug|Any CPU = Debug|Any CPU
		Debug|x86 = Debug|x86
		Release|Any CPU = Release|Any CPU
		Release|x86 = Release|x86
	EndGlobalSection
	GlobalSection(ProjectConfigurationPlatforms) = postSolution
		{7392C56B-00B5-44FD-8E9D-DA08C8D79B12}.Debug|Any CPU.ActiveCfg = Debug|Any CPU
		{7392C56B-00B5-44FD-8E9D-DA08C8D79B12}.Debug|Any CPU.Build.0 = Debug|Any CPU
		{7392C56B-00B5-44FD-8E9D-DA08C8D79B12}.Debug|x86.ActiveCfg = Debug|Any CPU
		{7392C56B-00B5-44FD-8E9D-DA08C8D79B12}.Debug|x86.Build.0 = Debug|Any CPU
		{7392C56B-00B5-44FD-8E9D-DA08C8D79B12}.Release|Any CPU.ActiveCfg = Release|Any CPU
		{7392C56B-00B5-44FD-8E9D-DA08C8D79B12}.Release|Any CPU.Build.0 = Release|Any CPU
		{7392C56B-00B5-44FD-8E9D-DA08C8D79B12}.Release|x86.ActiveCfg = Release|Any CPU
		{7392C56B-00B5-44FD-8E9D-DA08C8D79B12}.Release|x86.Build.0 = Release|Any CPU
		{7922B9F1-9609-4F5B-86AB-33515F903580}.Debug|Any CPU.ActiveCfg = Debug|Any CPU
		{7922B9F1-9609-4F5B-86AB-33515F903580}.Debug|Any CPU.Build.0 = Debug|Any CPU
		{7922B9F1-9609-4F5B-86AB-33515F903580}.Debug|x86.ActiveCfg = Debug|Any CPU
		{7922B9F1-9609-4F5B-86AB-33515F903580}.Debug|x86.Build.0 = Debug|Any CPU
		{7922B9F1-9609-4F5B-86AB-33515F903580}.Release|Any CPU.ActiveCfg = Release|Any CPU
		{7922B9F1-9609-4F5B-86AB-33515F903580}.Release|Any CPU.Build.0 = Release|Any CPU
		{7922B9F1-9609-4F5B-86AB-33515F903580}.Release|x86.ActiveCfg = Release|Any CPU
		{7922B9F1-9609-4F5B-86AB-33515F903580}.Release|x86.Build.0 = Release|Any CPU
		{E112A2C9-E199-43C1-96F7-EEA32BEB28FE}.Debug|Any CPU.ActiveCfg = Debug|Any CPU
		{E112A2C9-E199-43C1-96F7-EEA32BEB28FE}.Debug|Any CPU.Build.0 = Debug|Any CPU
		{E112A2C9-E199-43C1-96F7-EEA32BEB28FE}.Debug|x86.ActiveCfg = Debug|Any CPU
		{E112A2C9-E199-43C1-96F7-EEA32BEB28FE}.Debug|x86.Build.0 = Debug|Any CPU
		{E112A2C9-E199-43C1-96F7-EEA32BEB28FE}.Release|Any CPU.ActiveCfg = Release|Any CPU
		{E112A2C9-E199-43C1-96F7-EEA32BEB28FE}.Release|Any CPU.Build.0 = Release|Any CPU
		{E112A2C9-E199-43C1-96F7-EEA32BEB28FE}.Release|x86.ActiveCfg = Release|Any CPU
		{E112A2C9-E199-43C1-96F7-EEA32BEB28FE}.Release|x86.Build.0 = Release|Any CPU
		{01BF724E-D70B-427B-BDD2-4A7774649A9D}.Debug|Any CPU.ActiveCfg = Debug|Any CPU
		{01BF724E-D70B-427B-BDD2-4A7774649A9D}.Debug|Any CPU.Build.0 = Debug|Any CPU
		{01BF724E-D70B-427B-BDD2-4A7774649A9D}.Debug|x86.ActiveCfg = Debug|Any CPU
		{01BF724E-D70B-427B-BDD2-4A7774649A9D}.Debug|x86.Build.0 = Debug|Any CPU
		{01BF724E-D70B-427B-BDD2-4A7774649A9D}.Release|Any CPU.ActiveCfg = Release|Any CPU
		{01BF724E-D70B-427B-BDD2-4A7774649A9D}.Release|Any CPU.Build.0 = Release|Any CPU
		{01BF724E-D70B-427B-BDD2-4A7774649A9D}.Release|x86.ActiveCfg = Release|Any CPU
		{01BF724E-D70B-427B-BDD2-4A7774649A9D}.Release|x86.Build.0 = Release|Any CPU
		{7ADC7B9C-56D0-43A8-A07B-2AEBE54C4E4C}.Debug|Any CPU.ActiveCfg = Debug|Any CPU
		{7ADC7B9C-56D0-43A8-A07B-2AEBE54C4E4C}.Debug|Any CPU.Build.0 = Debug|Any CPU
		{7ADC7B9C-56D0-43A8-A07B-2AEBE54C4E4C}.Debug|x86.ActiveCfg = Debug|Any CPU
		{7ADC7B9C-56D0-43A8-A07B-2AEBE54C4E4C}.Debug|x86.Build.0 = Debug|Any CPU
		{7ADC7B9C-56D0-43A8-A07B-2AEBE54C4E4C}.Release|Any CPU.ActiveCfg = Release|Any CPU
		{7ADC7B9C-56D0-43A8-A07B-2AEBE54C4E4C}.Release|Any CPU.Build.0 = Release|Any CPU
		{7ADC7B9C-56D0-43A8-A07B-2AEBE54C4E4C}.Release|x86.ActiveCfg = Release|Any CPU
		{7ADC7B9C-56D0-43A8-A07B-2AEBE54C4E4C}.Release|x86.Build.0 = Release|Any CPU
		{27444030-B98D-4ECD-A27B-A41518305AC8}.Debug|Any CPU.ActiveCfg = Debug|Any CPU
		{27444030-B98D-4ECD-A27B-A41518305AC8}.Debug|Any CPU.Build.0 = Debug|Any CPU
		{27444030-B98D-4ECD-A27B-A41518305AC8}.Debug|x86.ActiveCfg = Debug|Any CPU
		{27444030-B98D-4ECD-A27B-A41518305AC8}.Debug|x86.Build.0 = Debug|Any CPU
		{27444030-B98D-4ECD-A27B-A41518305AC8}.Release|Any CPU.ActiveCfg = Release|Any CPU
		{27444030-B98D-4ECD-A27B-A41518305AC8}.Release|Any CPU.Build.0 = Release|Any CPU
		{27444030-B98D-4ECD-A27B-A41518305AC8}.Release|x86.ActiveCfg = Release|Any CPU
		{27444030-B98D-4ECD-A27B-A41518305AC8}.Release|x86.Build.0 = Release|Any CPU
	EndGlobalSection
	GlobalSection(SolutionProperties) = preSolution
		HideSolutionNode = FALSE
	EndGlobalSection
	GlobalSection(NestedProjects) = preSolution
		{5FAB9A35-27CE-40E6-929D-C3CA917100E1} = {6ADBA794-C80D-48EE-80F9-41639CF9CF08}
		{0493F652-14B1-45DD-A168-A4686ACBB9D8} = {6ADBA794-C80D-48EE-80F9-41639CF9CF08}
		{03CAC007-291D-420D-8E8C-CC9FA92BFEB5} = {0493F652-14B1-45DD-A168-A4686ACBB9D8}
		{345D112F-72B2-49C2-907B-40F219FA928C} = {03CAC007-291D-420D-8E8C-CC9FA92BFEB5}
		{BCEE35A4-CA5B-489E-B1BE-E3AD44F04C81} = {F926993D-D441-4457-9A74-E1BC8A746B52}
	EndGlobalSection
	GlobalSection(ExtensibilityGlobals) = postSolution
		EnterpriseLibraryConfigurationToolBinariesPathV6 = packages\EnterpriseLibrary.Common.6.0.1304.0\lib\NET45;packages\EnterpriseLibrary.Logging.6.0.1304.0\lib\NET45
		SolutionGuid = {782DA5B6-532A-472F-AD6B-13C67BF701CF}
		EnterpriseLibraryConfigurationToolBinariesPath = packages\Unity.2.1.505.0\lib\NET35;packages\Unity.Interception.2.1.505.0\lib\NET35;packages\EnterpriseLibrary.Common.5.0.505.0\lib\NET35;packages\EnterpriseLibrary.Logging.5.0.505.1\lib\NET35
	EndGlobalSection
EndGlobal
